// !$*UTF8*$!
{
	archiveVersion = 1;
	classes = {
	};
	objectVersion = 55;
	objects = {

/* Begin PBXBuildFile section */
		38FC673627A3A0DA00DCCAA6 /* TableHeaderView.xib in Resources */ = {isa = PBXBuildFile; fileRef = 38FC673527A3A0DA00DCCAA6 /* TableHeaderView.xib */; };
		38FD372E27A24E12004B5131 /* AppDelegate.swift in Sources */ = {isa = PBXBuildFile; fileRef = 38FD372D27A24E12004B5131 /* AppDelegate.swift */; };
		38FD373027A24E12004B5131 /* SceneDelegate.swift in Sources */ = {isa = PBXBuildFile; fileRef = 38FD372F27A24E12004B5131 /* SceneDelegate.swift */; };
		38FD373227A24E12004B5131 /* ViewController.swift in Sources */ = {isa = PBXBuildFile; fileRef = 38FD373127A24E12004B5131 /* ViewController.swift */; };
		38FD373527A24E12004B5131 /* Main.storyboard in Resources */ = {isa = PBXBuildFile; fileRef = 38FD373327A24E12004B5131 /* Main.storyboard */; };
		38FD373827A24E12004B5131 /* TableExample1.xcdatamodeld in Sources */ = {isa = PBXBuildFile; fileRef = 38FD373627A24E12004B5131 /* TableExample1.xcdatamodeld */; };
		38FD373A27A24E13004B5131 /* Assets.xcassets in Resources */ = {isa = PBXBuildFile; fileRef = 38FD373927A24E13004B5131 /* Assets.xcassets */; };
		38FD373D27A24E13004B5131 /* LaunchScreen.storyboard in Resources */ = {isa = PBXBuildFile; fileRef = 38FD373B27A24E13004B5131 /* LaunchScreen.storyboard */; };
		38FD374727A2652B004B5131 /* TextTableViewCell.swift in Sources */ = {isa = PBXBuildFile; fileRef = 38FD374527A2652B004B5131 /* TextTableViewCell.swift */; };
		38FD374827A2652B004B5131 /* TextTableViewCell.xib in Resources */ = {isa = PBXBuildFile; fileRef = 38FD374627A2652B004B5131 /* TextTableViewCell.xib */; };
		38FD374B27A2653E004B5131 /* ImageTableViewCell.swift in Sources */ = {isa = PBXBuildFile; fileRef = 38FD374927A2653E004B5131 /* ImageTableViewCell.swift */; };
		38FD374C27A2653E004B5131 /* ImageTableViewCell.xib in Resources */ = {isa = PBXBuildFile; fileRef = 38FD374A27A2653E004B5131 /* ImageTableViewCell.xib */; };
		38FD375327A26566004B5131 /* FooterTableViewCell.swift in Sources */ = {isa = PBXBuildFile; fileRef = 38FD375127A26566004B5131 /* FooterTableViewCell.swift */; };
		38FD375427A26566004B5131 /* FooterTableViewCell.xib in Resources */ = {isa = PBXBuildFile; fileRef = 38FD375227A26566004B5131 /* FooterTableViewCell.xib */; };
		38FD375727A26C3E004B5131 /* TextTableViewModel.swift in Sources */ = {isa = PBXBuildFile; fileRef = 38FD375627A26C3E004B5131 /* TextTableViewModel.swift */; };
		38FD375B27A27B73004B5131 /* ImageCellModel.swift in Sources */ = {isa = PBXBuildFile; fileRef = 38FD375A27A27B73004B5131 /* ImageCellModel.swift */; };
		38FD375F27A29781004B5131 /* Model.swift in Sources */ = {isa = PBXBuildFile; fileRef = 38FD375E27A29781004B5131 /* Model.swift */; };
		38FD376127A2C5F9004B5131 /* TableHeaderView.swift in Sources */ = {isa = PBXBuildFile; fileRef = 38FD376027A2C5F9004B5131 /* TableHeaderView.swift */; };
/* End PBXBuildFile section */

/* Begin PBXFileReference section */
		38FC673527A3A0DA00DCCAA6 /* TableHeaderView.xib */ = {isa = PBXFileReference; lastKnownFileType = file.xib; path = TableHeaderView.xib; sourceTree = "<group>"; };
		38FD372A27A24E12004B5131 /* TableExample1.app */ = {isa = PBXFileReference; explicitFileType = wrapper.application; includeInIndex = 0; path = TableExample1.app; sourceTree = BUILT_PRODUCTS_DIR; };
		38FD372D27A24E12004B5131 /* AppDelegate.swift */ = {isa = PBXFileReference; lastKnownFileType = sourcecode.swift; path = AppDelegate.swift; sourceTree = "<group>"; };
		38FD372F27A24E12004B5131 /* SceneDelegate.swift */ = {isa = PBXFileReference; lastKnownFileType = sourcecode.swift; path = SceneDelegate.swift; sourceTree = "<group>"; };
		38FD373127A24E12004B5131 /* ViewController.swift */ = {isa = PBXFileReference; lastKnownFileType = sourcecode.swift; path = ViewController.swift; sourceTree = "<group>"; };
		38FD373427A24E12004B5131 /* Base */ = {isa = PBXFileReference; lastKnownFileType = file.storyboard; name = Base; path = Base.lproj/Main.storyboard; sourceTree = "<group>"; };
		38FD373727A24E12004B5131 /* TableExample1.xcdatamodel */ = {isa = PBXFileReference; lastKnownFileType = wrapper.xcdatamodel; path = TableExample1.xcdatamodel; sourceTree = "<group>"; };
		38FD373927A24E13004B5131 /* Assets.xcassets */ = {isa = PBXFileReference; lastKnownFileType = folder.assetcatalog; path = Assets.xcassets; sourceTree = "<group>"; };
		38FD373C27A24E13004B5131 /* Base */ = {isa = PBXFileReference; lastKnownFileType = file.storyboard; name = Base; path = Base.lproj/LaunchScreen.storyboard; sourceTree = "<group>"; };
		38FD373E27A24E13004B5131 /* Info.plist */ = {isa = PBXFileReference; lastKnownFileType = text.plist.xml; path = Info.plist; sourceTree = "<group>"; };
		38FD374527A2652B004B5131 /* TextTableViewCell.swift */ = {isa = PBXFileReference; lastKnownFileType = sourcecode.swift; path = TextTableViewCell.swift; sourceTree = "<group>"; };
		38FD374627A2652B004B5131 /* TextTableViewCell.xib */ = {isa = PBXFileReference; lastKnownFileType = file.xib; path = TextTableViewCell.xib; sourceTree = "<group>"; };
		38FD374927A2653E004B5131 /* ImageTableViewCell.swift */ = {isa = PBXFileReference; lastKnownFileType = sourcecode.swift; path = ImageTableViewCell.swift; sourceTree = "<group>"; };
		38FD374A27A2653E004B5131 /* ImageTableViewCell.xib */ = {isa = PBXFileReference; lastKnownFileType = file.xib; path = ImageTableViewCell.xib; sourceTree = "<group>"; };
		38FD375127A26566004B5131 /* FooterTableViewCell.swift */ = {isa = PBXFileReference; lastKnownFileType = sourcecode.swift; path = FooterTableViewCell.swift; sourceTree = "<group>"; };
		38FD375227A26566004B5131 /* FooterTableViewCell.xib */ = {isa = PBXFileReference; lastKnownFileType = file.xib; path = FooterTableViewCell.xib; sourceTree = "<group>"; };
		38FD375627A26C3E004B5131 /* TextTableViewModel.swift */ = {isa = PBXFileReference; lastKnownFileType = sourcecode.swift; path = TextTableViewModel.swift; sourceTree = "<group>"; };
		38FD375A27A27B73004B5131 /* ImageCellModel.swift */ = {isa = PBXFileReference; lastKnownFileType = sourcecode.swift; path = ImageCellModel.swift; sourceTree = "<group>"; };
		38FD375E27A29781004B5131 /* Model.swift */ = {isa = PBXFileReference; lastKnownFileType = sourcecode.swift; path = Model.swift; sourceTree = "<group>"; };
		38FD376027A2C5F9004B5131 /* TableHeaderView.swift */ = {isa = PBXFileReference; lastKnownFileType = sourcecode.swift; path = TableHeaderView.swift; sourceTree = "<group>"; };
/* End PBXFileReference section */

/* Begin PBXFrameworksBuildPhase section */
		38FD372727A24E12004B5131 /* Frameworks */ = {
			isa = PBXFrameworksBuildPhase;
			buildActionMask = 2147483647;
			files = (
			);
			runOnlyForDeploymentPostprocessing = 0;
		};
/* End PBXFrameworksBuildPhase section */

/* Begin PBXGroup section */
		38FD372127A24E11004B5131 = {
			isa = PBXGroup;
			children = (
				38FD372C27A24E12004B5131 /* TableExample1 */,
				38FD372B27A24E12004B5131 /* Products */,
			);
			sourceTree = "<group>";
		};
		38FD372B27A24E12004B5131 /* Products */ = {
			isa = PBXGroup;
			children = (
				38FD372A27A24E12004B5131 /* TableExample1.app */,
			);
			name = Products;
			sourceTree = "<group>";
		};
		38FD372C27A24E12004B5131 /* TableExample1 */ = {
			isa = PBXGroup;
			children = (
				38FD375527A26C23004B5131 /* Model */,
				38FD374427A264FC004B5131 /* TableViewCell */,
				38FD372D27A24E12004B5131 /* AppDelegate.swift */,
				38FD372F27A24E12004B5131 /* SceneDelegate.swift */,
				38FD373127A24E12004B5131 /* ViewController.swift */,
				38FD373327A24E12004B5131 /* Main.storyboard */,
				38FD373927A24E13004B5131 /* Assets.xcassets */,
				38FD373B27A24E13004B5131 /* LaunchScreen.storyboard */,
				38FD373E27A24E13004B5131 /* Info.plist */,
				38FD373627A24E12004B5131 /* TableExample1.xcdatamodeld */,
			);
			path = TableExample1;
			sourceTree = "<group>";
		};
		38FD374427A264FC004B5131 /* TableViewCell */ = {
			isa = PBXGroup;
			children = (
				38FD374527A2652B004B5131 /* TextTableViewCell.swift */,
				38FD374627A2652B004B5131 /* TextTableViewCell.xib */,
				38FD374927A2653E004B5131 /* ImageTableViewCell.swift */,
				38FD374A27A2653E004B5131 /* ImageTableViewCell.xib */,
				38FD375127A26566004B5131 /* FooterTableViewCell.swift */,
				38FD375227A26566004B5131 /* FooterTableViewCell.xib */,
				38FD376027A2C5F9004B5131 /* TableHeaderView.swift */,
				38FC673527A3A0DA00DCCAA6 /* TableHeaderView.xib */,
			);
			path = TableViewCell;
			sourceTree = "<group>";
		};
		38FD375527A26C23004B5131 /* Model */ = {
			isa = PBXGroup;
			children = (
				38FD375627A26C3E004B5131 /* TextTableViewModel.swift */,
				38FD375A27A27B73004B5131 /* ImageCellModel.swift */,
				38FD375E27A29781004B5131 /* Model.swift */,
			);
			path = Model;
			sourceTree = "<group>";
		};
/* End PBXGroup section */

/* Begin PBXNativeTarget section */
		38FD372927A24E12004B5131 /* TableExample1 */ = {
			isa = PBXNativeTarget;
			buildConfigurationList = 38FD374127A24E13004B5131 /* Build configuration list for PBXNativeTarget "TableExample1" */;
			buildPhases = (
				38FD372627A24E12004B5131 /* Sources */,
				38FD372727A24E12004B5131 /* Frameworks */,
				38FD372827A24E12004B5131 /* Resources */,
			);
			buildRules = (
			);
			dependencies = (
			);
			name = TableExample1;
			productName = TableExample1;
			productReference = 38FD372A27A24E12004B5131 /* TableExample1.app */;
			productType = "com.apple.product-type.application";
		};
/* End PBXNativeTarget section */

/* Begin PBXProject section */
		38FD372227A24E11004B5131 /* Project object */ = {
			isa = PBXProject;
			attributes = {
				BuildIndependentTargetsInParallel = 1;
				LastSwiftUpdateCheck = 1320;
				LastUpgradeCheck = 1320;
				TargetAttributes = {
					38FD372927A24E12004B5131 = {
						CreatedOnToolsVersion = 13.2.1;
					};
				};
			};
			buildConfigurationList = 38FD372527A24E11004B5131 /* Build configuration list for PBXProject "TableExample1" */;
			compatibilityVersion = "Xcode 13.0";
			developmentRegion = en;
			hasScannedForEncodings = 0;
			knownRegions = (
				en,
				Base,
			);
			mainGroup = 38FD372127A24E11004B5131;
			productRefGroup = 38FD372B27A24E12004B5131 /* Products */;
			projectDirPath = "";
			projectRoot = "";
			targets = (
				38FD372927A24E12004B5131 /* TableExample1 */,
			);
		};
/* End PBXProject section */

/* Begin PBXResourcesBuildPhase section */
		38FD372827A24E12004B5131 /* Resources */ = {
			isa = PBXResourcesBuildPhase;
			buildActionMask = 2147483647;
			files = (
				38FC673627A3A0DA00DCCAA6 /* TableHeaderView.xib in Resources */,
				38FD374C27A2653E004B5131 /* ImageTableViewCell.xib in Resources */,
				38FD373D27A24E13004B5131 /* LaunchScreen.storyboard in Resources */,
				38FD373A27A24E13004B5131 /* Assets.xcassets in Resources */,
				38FD375427A26566004B5131 /* FooterTableViewCell.xib in Resources */,
				38FD374827A2652B004B5131 /* TextTableViewCell.xib in Resources */,
				38FD373527A24E12004B5131 /* Main.storyboard in Resources */,
			);
			runOnlyForDeploymentPostprocessing = 0;
		};
/* End PBXResourcesBuildPhase section */

/* Begin PBXSourcesBuildPhase section */
		38FD372627A24E12004B5131 /* Sources */ = {
			isa = PBXSourcesBuildPhase;
			buildActionMask = 2147483647;
			files = (
				38FD373227A24E12004B5131 /* ViewController.swift in Sources */,
				38FD375B27A27B73004B5131 /* ImageCellModel.swift in Sources */,
				38FD372E27A24E12004B5131 /* AppDelegate.swift in Sources */,
				38FD373027A24E12004B5131 /* SceneDelegate.swift in Sources */,
				38FD374B27A2653E004B5131 /* ImageTableViewCell.swift in Sources */,
				38FD376127A2C5F9004B5131 /* TableHeaderView.swift in Sources */,
				38FD373827A24E12004B5131 /* TableExample1.xcdatamodeld in Sources */,
				38FD375727A26C3E004B5131 /* TextTableViewModel.swift in Sources */,
				38FD375F27A29781004B5131 /* Model.swift in Sources */,
				38FD375327A26566004B5131 /* FooterTableViewCell.swift in Sources */,
				38FD374727A2652B004B5131 /* TextTableViewCell.swift in Sources */,
			);
			runOnlyForDeploymentPostprocessing = 0;
		};
/* End PBXSourcesBuildPhase section */

/* Begin PBXVariantGroup section */
		38FD373327A24E12004B5131 /* Main.storyboard */ = {
			isa = PBXVariantGroup;
			children = (
				38FD373427A24E12004B5131 /* Base */,
			);
			name = Main.storyboard;
			sourceTree = "<group>";
		};
		38FD373B27A24E13004B5131 /* LaunchScreen.storyboard */ = {
			isa = PBXVariantGroup;
			children = (
				38FD373C27A24E13004B5131 /* Base */,
			);
			name = LaunchScreen.storyboard;
			sourceTree = "<group>";
		};
/* End PBXVariantGroup section */

/* Begin XCBuildConfiguration section */
		38FD373F27A24E13004B5131 /* Debug */ = {
			isa = XCBuildConfiguration;
			buildSettings = {
				ALWAYS_SEARCH_USER_PATHS = NO;
				CLANG_ANALYZER_NONNULL = YES;
				CLANG_ANALYZER_NUMBER_OBJECT_CONVERSION = YES_AGGRESSIVE;
				CLANG_CXX_LANGUAGE_STANDARD = "gnu++17";
				CLANG_CXX_LIBRARY = "libc++";
				CLANG_ENABLE_MODULES = YES;
				CLANG_ENABLE_OBJC_ARC = YES;
				CLANG_ENABLE_OBJC_WEAK = YES;
				CLANG_WARN_BLOCK_CAPTURE_AUTORELEASING = YES;
				CLANG_WARN_BOOL_CONVERSION = YES;
				CLANG_WARN_COMMA = YES;
				CLANG_WARN_CONSTANT_CONVERSION = YES;
				CLANG_WARN_DEPRECATED_OBJC_IMPLEMENTATIONS = YES;
				CLANG_WARN_DIRECT_OBJC_ISA_USAGE = YES_ERROR;
				CLANG_WARN_DOCUMENTATION_COMMENTS = YES;
				CLANG_WARN_EMPTY_BODY = YES;
				CLANG_WARN_ENUM_CONVERSION = YES;
				CLANG_WARN_INFINITE_RECURSION = YES;
				CLANG_WARN_INT_CONVERSION = YES;
				CLANG_WARN_NON_LITERAL_NULL_CONVERSION = YES;
				CLANG_WARN_OBJC_IMPLICIT_RETAIN_SELF = YES;
				CLANG_WARN_OBJC_LITERAL_CONVERSION = YES;
				CLANG_WARN_OBJC_ROOT_CLASS = YES_ERROR;
				CLANG_WARN_QUOTED_INCLUDE_IN_FRAMEWORK_HEADER = YES;
				CLANG_WARN_RANGE_LOOP_ANALYSIS = YES;
				CLANG_WARN_STRICT_PROTOTYPES = YES;
				CLANG_WARN_SUSPICIOUS_MOVE = YES;
				CLANG_WARN_UNGUARDED_AVAILABILITY = YES_AGGRESSIVE;
				CLANG_WARN_UNREACHABLE_CODE = YES;
				CLANG_WARN__DUPLICATE_METHOD_MATCH = YES;
				COPY_PHASE_STRIP = NO;
				DEBUG_INFORMATION_FORMAT = dwarf;
				ENABLE_STRICT_OBJC_MSGSEND = YES;
				ENABLE_TESTABILITY = YES;
				GCC_C_LANGUAGE_STANDARD = gnu11;
				GCC_DYNAMIC_NO_PIC = NO;
				GCC_NO_COMMON_BLOCKS = YES;
				GCC_OPTIMIZATION_LEVEL = 0;
				GCC_PREPROCESSOR_DEFINITIONS = (
					"DEBUG=1",
					"$(inherited)",
				);
				GCC_WARN_64_TO_32_BIT_CONVERSION = YES;
				GCC_WARN_ABOUT_RETURN_TYPE = YES_ERROR;
				GCC_WARN_UNDECLARED_SELECTOR = YES;
				GCC_WARN_UNINITIALIZED_AUTOS = YES_AGGRESSIVE;
				GCC_WARN_UNUSED_FUNCTION = YES;
				GCC_WARN_UNUSED_VARIABLE = YES;
				IPHONEOS_DEPLOYMENT_TARGET = 15.2;
				MTL_ENABLE_DEBUG_INFO = INCLUDE_SOURCE;
				MTL_FAST_MATH = YES;
				ONLY_ACTIVE_ARCH = YES;
				SDKROOT = iphoneos;
				SWIFT_ACTIVE_COMPILATION_CONDITIONS = DEBUG;
				SWIFT_OPTIMIZATION_LEVEL = "-Onone";
			};
			name = Debug;
		};
		38FD374027A24E13004B5131 /* Release */ = {
			isa = XCBuildConfiguration;
			buildSettings = {
				ALWAYS_SEARCH_USER_PATHS = NO;
				CLANG_ANALYZER_NONNULL = YES;
				CLANG_ANALYZER_NUMBER_OBJECT_CONVERSION = YES_AGGRESSIVE;
				CLANG_CXX_LANGUAGE_STANDARD = "gnu++17";
				CLANG_CXX_LIBRARY = "libc++";
				CLANG_ENABLE_MODULES = YES;
				CLANG_ENABLE_OBJC_ARC = YES;
				CLANG_ENABLE_OBJC_WEAK = YES;
				CLANG_WARN_BLOCK_CAPTURE_AUTORELEASING = YES;
				CLANG_WARN_BOOL_CONVERSION = YES;
				CLANG_WARN_COMMA = YES;
				CLANG_WARN_CONSTANT_CONVERSION = YES;
				CLANG_WARN_DEPRECATED_OBJC_IMPLEMENTATIONS = YES;
				CLANG_WARN_DIRECT_OBJC_ISA_USAGE = YES_ERROR;
				CLANG_WARN_DOCUMENTATION_COMMENTS = YES;
				CLANG_WARN_EMPTY_BODY = YES;
				CLANG_WARN_ENUM_CONVERSION = YES;
				CLANG_WARN_INFINITE_RECURSION = YES;
				CLANG_WARN_INT_CONVERSION = YES;
				CLANG_WARN_NON_LITERAL_NULL_CONVERSION = YES;
				CLANG_WARN_OBJC_IMPLICIT_RETAIN_SELF = YES;
				CLANG_WARN_OBJC_LITERAL_CONVERSION = YES;
				CLANG_WARN_OBJC_ROOT_CLASS = YES_ERROR;
				CLANG_WARN_QUOTED_INCLUDE_IN_FRAMEWORK_HEADER = YES;
				CLANG_WARN_RANGE_LOOP_ANALYSIS = YES;
				CLANG_WARN_STRICT_PROTOTYPES = YES;
				CLANG_WARN_SUSPICIOUS_MOVE = YES;
				CLANG_WARN_UNGUARDED_AVAILABILITY = YES_AGGRESSIVE;
				CLANG_WARN_UNREACHABLE_CODE = YES;
				CLANG_WARN__DUPLICATE_METHOD_MATCH = YES;
				COPY_PHASE_STRIP = NO;
				DEBUG_INFORMATION_FORMAT = "dwarf-with-dsym";
				ENABLE_NS_ASSERTIONS = NO;
				ENABLE_STRICT_OBJC_MSGSEND = YES;
				GCC_C_LANGUAGE_STANDARD = gnu11;
				GCC_NO_COMMON_BLOCKS = YES;
				GCC_WARN_64_TO_32_BIT_CONVERSION = YES;
				GCC_WARN_ABOUT_RETURN_TYPE = YES_ERROR;
				GCC_WARN_UNDECLARED_SELECTOR = YES;
				GCC_WARN_UNINITIALIZED_AUTOS = YES_AGGRESSIVE;
				GCC_WARN_UNUSED_FUNCTION = YES;
				GCC_WARN_UNUSED_VARIABLE = YES;
				IPHONEOS_DEPLOYMENT_TARGET = 15.2;
				MTL_ENABLE_DEBUG_INFO = NO;
				MTL_FAST_MATH = YES;
				SDKROOT = iphoneos;
				SWIFT_COMPILATION_MODE = wholemodule;
				SWIFT_OPTIMIZATION_LEVEL = "-O";
				VALIDATE_PRODUCT = YES;
			};
			name = Release;
		};
		38FD374227A24E13004B5131 /* Debug */ = {
			isa = XCBuildConfiguration;
			buildSettings = {
				ASSETCATALOG_COMPILER_APPICON_NAME = AppIcon;
				ASSETCATALOG_COMPILER_GLOBAL_ACCENT_COLOR_NAME = AccentColor;
				CODE_SIGN_STYLE = Automatic;
				CURRENT_PROJECT_VERSION = 1;
				GENERATE_INFOPLIST_FILE = YES;
				INFOPLIST_FILE = TableExample1/Info.plist;
				INFOPLIST_KEY_UIApplicationSupportsIndirectInputEvents = YES;
				INFOPLIST_KEY_UILaunchStoryboardName = LaunchScreen;
				INFOPLIST_KEY_UIMainStoryboardFile = Main;
				INFOPLIST_KEY_UISupportedInterfaceOrientations_iPad = "UIInterfaceOrientationPortrait UIInterfaceOrientationPortraitUpsideDown UIInterfaceOrientationLandscapeLeft UIInterfaceOrientationLandscapeRight";
				INFOPLIST_KEY_UISupportedInterfaceOrientations_iPhone = "UIInterfaceOrientationPortrait UIInterfaceOrientationLandscapeLeft UIInterfaceOrientationLandscapeRight";
				LD_RUNPATH_SEARCH_PATHS = (
					"$(inherited)",
					"@executable_path/Frameworks",
				);
				MARKETING_VERSION = 1.0;
				PRODUCT_BUNDLE_IDENTIFIER = com.shreesharao.co.TableExample1;
				PRODUCT_NAME = "$(TARGET_NAME)";
				SWIFT_EMIT_LOC_STRINGS = YES;
				SWIFT_VERSION = 5.0;
				TARGETED_DEVICE_FAMILY = "1,2";
			};
			name = Debug;
		};
		38FD374327A24E13004B5131 /* Release */ = {
			isa = XCBuildConfiguration;
			buildSettings = {
				ASSETCATALOG_COMPILER_APPICON_NAME = AppIcon;
				ASSETCATALOG_COMPILER_GLOBAL_ACCENT_COLOR_NAME = AccentColor;
				CODE_SIGN_STYLE = Automatic;
				CURRENT_PROJECT_VERSION = 1;
				GENERATE_INFOPLIST_FILE = YES;
				INFOPLIST_FILE = TableExample1/Info.plist;
				INFOPLIST_KEY_UIApplicationSupportsIndirectInputEvents = YES;
				INFOPLIST_KEY_UILaunchStoryboardName = LaunchScreen;
				INFOPLIST_KEY_UIMainStoryboardFile = Main;
				INFOPLIST_KEY_UISupportedInterfaceOrientations_iPad = "UIInterfaceOrientationPortrait UIInterfaceOrientationPortraitUpsideDown UIInterfaceOrientationLandscapeLeft UIInterfaceOrientationLandscapeRight";
				INFOPLIST_KEY_UISupportedInterfaceOrientations_iPhone = "UIInterfaceOrientationPortrait UIInterfaceOrientationLandscapeLeft UIInterfaceOrientationLandscapeRight";
				LD_RUNPATH_SEARCH_PATHS = (
					"$(inherited)",
					"@executable_path/Frameworks",
				);
				MARKETING_VERSION = 1.0;
				PRODUCT_BUNDLE_IDENTIFIER = com.shreesharao.co.TableExample1;
				PRODUCT_NAME = "$(TARGET_NAME)";
				SWIFT_EMIT_LOC_STRINGS = YES;
				SWIFT_VERSION = 5.0;
				TARGETED_DEVICE_FAMILY = "1,2";
			};
			name = Release;
		};
/* End XCBuildConfiguration section */

/* Begin XCConfigurationList section */
		38FD372527A24E11004B5131 /* Build configuration list for PBXProject "TableExample1" */ = {
			isa = XCConfigurationList;
			buildConfigurations = (
				38FD373F27A24E13004B5131 /* Debug */,
				38FD374027A24E13004B5131 /* Release */,
			);
			defaultConfigurationIsVisible = 0;
			defaultConfigurationName = Release;
		};
		38FD374127A24E13004B5131 /* Build configuration list for PBXNativeTarget "TableExample1" */ = {
			isa = XCConfigurationList;
			buildConfigurations = (
				38FD374227A24E13004B5131 /* Debug */,
				38FD374327A24E13004B5131 /* Release */,
			);
			defaultConfigurationIsVisible = 0;
			defaultConfigurationName = Release;
		};
/* End XCConfigurationList section */

/* Begin XCVersionGroup section */
		38FD373627A24E12004B5131 /* TableExample1.xcdatamodeld */ = {
			isa = XCVersionGroup;
			children = (
				38FD373727A24E12004B5131 /* TableExample1.xcdatamodel */,
			);
			currentVersion = 38FD373727A24E12004B5131 /* TableExample1.xcdatamodel */;
			path = TableExample1.xcdatamodeld;
			sourceTree = "<group>";
			versionGroupType = wrapper.xcdatamodel;
		};
/* End XCVersionGroup section */
	};
	rootObject = 38FD372227A24E11004B5131 /* Project object */;
}
